
Microsoft Visual Studio Solution File, Format Version 12.00
# Visual Studio Version 17
VisualStudioVersion = 17.8.34408.163
MinimumVisualStudioVersion = 10.0.40219.1
Project("{8BC9CEB8-8B4A-11D0-8D11-00A0C91BC942}") = "VastTakeHomeExercise", "VastTakeHomeExercise\VastTakeHomeExercise.vcxproj", "{1D05D84B-B39F-4D4F-B4BF-6238D84AE033}"
EndProject
Project("{8BC9CEB8-8B4A-11D0-8D11-00A0C91BC942}") = "VastTakeHomeExerciseTester", "VastTakeHomeExerciseTester\VastTakeHomeExerciseTester.vcxproj", "{50443A51-D33D-4CB3-9DC0-60F03C729A10}"
EndProject
Global
	GlobalSection(SolutionConfigurationPlatforms) = preSolution
		Debug|x64 = Debug|x64
		Debug|x86 = Debug|x86
		Release|x64 = Release|x64
		Release|x86 = Release|x86
	EndGlobalSection
	GlobalSection(ProjectConfigurationPlatforms) = postSolution
		{1D05D84B-B39F-4D4F-B4BF-6238D84AE033}.Debug|x64.ActiveCfg = Debug|x64
		{1D05D84B-B39F-4D4F-B4BF-6238D84AE033}.Debug|x64.Build.0 = Debug|x64
		{1D05D84B-B39F-4D4F-B4BF-6238D84AE033}.Debug|x86.ActiveCfg = Debug|Win32
		{1D05D84B-B39F-4D4F-B4BF-6238D84AE033}.Debug|x86.Build.0 = Debug|Win32
		{1D05D84B-B39F-4D4F-B4BF-6238D84AE033}.Release|x64.ActiveCfg = Release|x64
		{1D05D84B-B39F-4D4F-B4BF-6238D84AE033}.Release|x64.Build.0 = Release|x64
		{1D05D84B-B39F-4D4F-B4BF-6238D84AE033}.Release|x86.ActiveCfg = Release|Win32
		{1D05D84B-B39F-4D4F-B4BF-6238D84AE033}.Release|x86.Build.0 = Release|Win32
		{50443A51-D33D-4CB3-9DC0-60F03C729A10}.Debug|x64.ActiveCfg = Debug|x64
		{50443A51-D33D-4CB3-9DC0-60F03C729A10}.Debug|x64.Build.0 = Debug|x64
		{50443A51-D33D-4CB3-9DC0-60F03C729A10}.Debug|x86.ActiveCfg = Debug|Win32
		{50443A51-D33D-4CB3-9DC0-60F03C729A10}.Debug|x86.Build.0 = Debug|Win32
		{50443A51-D33D-4CB3-9DC0-60F03C729A10}.Release|x64.ActiveCfg = Release|x64
		{50443A51-D33D-4CB3-9DC0-60F03C729A10}.Release|x64.Build.0 = Release|x64
		{50443A51-D33D-4CB3-9DC0-60F03C729A10}.Release|x86.ActiveCfg = Release|Win32
		{50443A51-D33D-4CB3-9DC0-60F03C729A10}.Release|x86.Build.0 = Release|Win32
	EndGlobalSection
	GlobalSection(SolutionProperties) = preSolution
		HideSolutionNode = FALSE
	EndGlobalSection
	GlobalSection(ExtensibilityGlobals) = postSolution
		SolutionGuid = {0711C8E3-310E-44B4-9062-93F3ABEC0E04}
	EndGlobalSection
EndGlobal
